// !$*UTF8*$!
{
	archiveVersion = 1;
	classes = {
	};
	objectVersion = 48;
	objects = {

/* Begin PBXBuildFile section */
		B717104B1FC6E939006E187D /* AppDelegate.swift in Sources */ = {isa = PBXBuildFile; fileRef = B717104A1FC6E939006E187D /* AppDelegate.swift */; };
		B717104D1FC6E939006E187D /* ViewController.swift in Sources */ = {isa = PBXBuildFile; fileRef = B717104C1FC6E939006E187D /* ViewController.swift */; };
		B71710501FC6E93A006E187D /* Main.storyboard in Resources */ = {isa = PBXBuildFile; fileRef = B717104E1FC6E93A006E187D /* Main.storyboard */; };
		B71710531FC6E93A006E187D /* CoreDataDictionary.xcdatamodeld in Sources */ = {isa = PBXBuildFile; fileRef = B71710511FC6E93A006E187D /* CoreDataDictionary.xcdatamodeld */; };
		B71710551FC6E93A006E187D /* Assets.xcassets in Resources */ = {isa = PBXBuildFile; fileRef = B71710541FC6E93A006E187D /* Assets.xcassets */; };
		B71710581FC6E93A006E187D /* LaunchScreen.storyboard in Resources */ = {isa = PBXBuildFile; fileRef = B71710561FC6E93A006E187D /* LaunchScreen.storyboard */; };
/* End PBXBuildFile section */

/* Begin PBXFileReference section */
		B71710471FC6E939006E187D /* CoreDataDictionary.app */ = {isa = PBXFileReference; explicitFileType = wrapper.application; includeInIndex = 0; path = CoreDataDictionary.app; sourceTree = BUILT_PRODUCTS_DIR; };
		B717104A1FC6E939006E187D /* AppDelegate.swift */ = {isa = PBXFileReference; lastKnownFileType = sourcecode.swift; path = AppDelegate.swift; sourceTree = "<group>"; };
		B717104C1FC6E939006E187D /* ViewController.swift */ = {isa = PBXFileReference; lastKnownFileType = sourcecode.swift; path = ViewController.swift; sourceTree = "<group>"; };
		B717104F1FC6E93A006E187D /* Base */ = {isa = PBXFileReference; lastKnownFileType = file.storyboard; name = Base; path = Base.lproj/Main.storyboard; sourceTree = "<group>"; };
		B71710521FC6E93A006E187D /* CoreDataDictionary.xcdatamodel */ = {isa = PBXFileReference; lastKnownFileType = wrapper.xcdatamodel; path = CoreDataDictionary.xcdatamodel; sourceTree = "<group>"; };
		B71710541FC6E93A006E187D /* Assets.xcassets */ = {isa = PBXFileReference; lastKnownFileType = folder.assetcatalog; path = Assets.xcassets; sourceTree = "<group>"; };
		B71710571FC6E93A006E187D /* Base */ = {isa = PBXFileReference; lastKnownFileType = file.storyboard; name = Base; path = Base.lproj/LaunchScreen.storyboard; sourceTree = "<group>"; };
		B71710591FC6E93A006E187D /* Info.plist */ = {isa = PBXFileReference; lastKnownFileType = text.plist.xml; path = Info.plist; sourceTree = "<group>"; };
/* End PBXFileReference section */

/* Begin PBXFrameworksBuildPhase section */
		B71710441FC6E939006E187D /* Frameworks */ = {
			isa = PBXFrameworksBuildPhase;
			buildActionMask = 2147483647;
			files = (
			);
			runOnlyForDeploymentPostprocessing = 0;
		};
/* End PBXFrameworksBuildPhase section */

/* Begin PBXGroup section */
		B717103E1FC6E939006E187D = {
			isa = PBXGroup;
			children = (
				B71710491FC6E939006E187D /* CoreDataDictionary */,
				B71710481FC6E939006E187D /* Products */,
			);
			sourceTree = "<group>";
		};
		B71710481FC6E939006E187D /* Products */ = {
			isa = PBXGroup;
			children = (
				B71710471FC6E939006E187D /* CoreDataDictionary.app */,
			);
			name = Products;
			sourceTree = "<group>";
		};
		B71710491FC6E939006E187D /* CoreDataDictionary */ = {
			isa = PBXGroup;
			children = (
				B717104A1FC6E939006E187D /* AppDelegate.swift */,
				B717104C1FC6E939006E187D /* ViewController.swift */,
				B717104E1FC6E93A006E187D /* Main.storyboard */,
				B71710541FC6E93A006E187D /* Assets.xcassets */,
				B71710561FC6E93A006E187D /* LaunchScreen.storyboard */,
				B71710591FC6E93A006E187D /* Info.plist */,
				B71710511FC6E93A006E187D /* CoreDataDictionary.xcdatamodeld */,
			);
			path = CoreDataDictionary;
			sourceTree = "<group>";
		};
/* End PBXGroup section */

/* Begin PBXNativeTarget section */
		B71710461FC6E939006E187D /* CoreDataDictionary */ = {
			isa = PBXNativeTarget;
			buildConfigurationList = B717105C1FC6E93A006E187D /* Build configuration list for PBXNativeTarget "CoreDataDictionary" */;
			buildPhases = (
				B71710431FC6E939006E187D /* Sources */,
				B71710441FC6E939006E187D /* Frameworks */,
				B71710451FC6E939006E187D /* Resources */,
			);
			buildRules = (
			);
			dependencies = (
			);
			name = CoreDataDictionary;
			productName = CoreDataDictionary;
			productReference = B71710471FC6E939006E187D /* CoreDataDictionary.app */;
			productType = "com.apple.product-type.application";
		};
/* End PBXNativeTarget section */

/* Begin PBXProject section */
		B717103F1FC6E939006E187D /* Project object */ = {
			isa = PBXProject;
			attributes = {
				LastSwiftUpdateCheck = 0910;
				LastUpgradeCheck = 0910;
				ORGANIZATIONNAME = "Daniel Suskevic";
				TargetAttributes = {
					B71710461FC6E939006E187D = {
						CreatedOnToolsVersion = 9.1;
						ProvisioningStyle = Automatic;
					};
				};
			};
			buildConfigurationList = B71710421FC6E939006E187D /* Build configuration list for PBXProject "CoreDataDictionary" */;
			compatibilityVersion = "Xcode 8.0";
			developmentRegion = en;
			hasScannedForEncodings = 0;
			knownRegions = (
				en,
				Base,
			);
			mainGroup = B717103E1FC6E939006E187D;
			productRefGroup = B71710481FC6E939006E187D /* Products */;
			projectDirPath = "";
			projectRoot = "";
			targets = (
				B71710461FC6E939006E187D /* CoreDataDictionary */,
			);
		};
/* End PBXProject section */

/* Begin PBXResourcesBuildPhase section */
		B71710451FC6E939006E187D /* Resources */ = {
			isa = PBXResourcesBuildPhase;
			buildActionMask = 2147483647;
			files = (
				B71710581FC6E93A006E187D /* LaunchScreen.storyboard in Resources */,
				B71710551FC6E93A006E187D /* Assets.xcassets in Resources */,
				B71710501FC6E93A006E187D /* Main.storyboard in Resources */,
			);
			runOnlyForDeploymentPostprocessing = 0;
		};
/* End PBXResourcesBuildPhase section */

/* Begin PBXSourcesBuildPhase section */
		B71710431FC6E939006E187D /* Sources */ = {
			isa = PBXSourcesBuildPhase;
			buildActionMask = 2147483647;
			files = (
				B717104D1FC6E939006E187D /* ViewController.swift in Sources */,
				B717104B1FC6E939006E187D /* AppDelegate.swift in Sources */,
				B71710531FC6E93A006E187D /* CoreDataDictionary.xcdatamodeld in Sources */,
			);
			runOnlyForDeploymentPostprocessing = 0;
		};
/* End PBXSourcesBuildPhase section */

/* Begin PBXVariantGroup section */
		B717104E1FC6E93A006E187D /* Main.storyboard */ = {
			isa = PBXVariantGroup;
			children = (
				B717104F1FC6E93A006E187D /* Base */,
			);
			name = Main.storyboard;
			sourceTree = "<group>";
		};
		B71710561FC6E93A006E187D /* LaunchScreen.storyboard */ = {
			isa = PBXVariantGroup;
			children = (
				B71710571FC6E93A006E187D /* Base */,
			);
			name = LaunchScreen.storyboard;
			sourceTree = "<group>";
		};
/* End PBXVariantGroup section */

/* Begin XCBuildConfiguration section */
		B717105A1FC6E93A006E187D /* Debug */ = {
			isa = XCBuildConfiguration;
			buildSettings = {
				ALWAYS_SEARCH_USER_PATHS = NO;
				CLANG_ANALYZER_NONNULL = YES;
				CLANG_ANALYZER_NUMBER_OBJECT_CONVERSION = YES_AGGRESSIVE;
				CLANG_CXX_LANGUAGE_STANDARD = "gnu++14";
				CLANG_CXX_LIBRARY = "libc++";
				CLANG_ENABLE_MODULES = YES;
				CLANG_ENABLE_OBJC_ARC = YES;
				CLANG_WARN_BLOCK_CAPTURE_AUTORELEASING = YES;
				CLANG_WARN_BOOL_CONVERSION = YES;
				CLANG_WARN_COMMA = YES;
				CLANG_WARN_CONSTANT_CONVERSION = YES;
				CLANG_WARN_DIRECT_OBJC_ISA_USAGE = YES_ERROR;
				CLANG_WARN_DOCUMENTATION_COMMENTS = YES;
				CLANG_WARN_EMPTY_BODY = YES;
				CLANG_WARN_ENUM_CONVERSION = YES;
				CLANG_WARN_INFINITE_RECURSION = YES;
				CLANG_WARN_INT_CONVERSION = YES;
				CLANG_WARN_NON_LITERAL_NULL_CONVERSION = YES;
				CLANG_WARN_OBJC_LITERAL_CONVERSION = YES;
				CLANG_WARN_OBJC_ROOT_CLASS = YES_ERROR;
				CLANG_WARN_RANGE_LOOP_ANALYSIS = YES;
				CLANG_WARN_STRICT_PROTOTYPES = YES;
				CLANG_WARN_SUSPICIOUS_MOVE = YES;
				CLANG_WARN_UNGUARDED_AVAILABILITY = YES_AGGRESSIVE;
				CLANG_WARN_UNREACHABLE_CODE = YES;
				CLANG_WARN__DUPLICATE_METHOD_MATCH = YES;
				CODE_SIGN_IDENTITY = "iPhone Developer";
				COPY_PHASE_STRIP = NO;
				DEBUG_INFORMATION_FORMAT = dwarf;
				ENABLE_STRICT_OBJC_MSGSEND = YES;
				ENABLE_TESTABILITY = YES;
				GCC_C_LANGUAGE_STANDARD = gnu11;
				GCC_DYNAMIC_NO_PIC = NO;
				GCC_NO_COMMON_BLOCKS = YES;
				GCC_OPTIMIZATION_LEVEL = 0;
				GCC_PREPROCESSOR_DEFINITIONS = (
					"DEBUG=1",
					"$(inherited)",
				);
				GCC_WARN_64_TO_32_BIT_CONVERSION = YES;
				GCC_WARN_ABOUT_RETURN_TYPE = YES_ERROR;
				GCC_WARN_UNDECLARED_SELECTOR = YES;
				GCC_WARN_UNINITIALIZED_AUTOS = YES_AGGRESSIVE;
				GCC_WARN_UNUSED_FUNCTION = YES;
				GCC_WARN_UNUSED_VARIABLE = YES;
				IPHONEOS_DEPLOYMENT_TARGET = 11.1;
				MTL_ENABLE_DEBUG_INFO = YES;
				ONLY_ACTIVE_ARCH = YES;
				SDKROOT = iphoneos;
				SWIFT_ACTIVE_COMPILATION_CONDITIONS = DEBUG;
				SWIFT_OPTIMIZATION_LEVEL = "-Onone";
			};
			name = Debug;
		};
		B717105B1FC6E93A006E187D /* Release */ = {
			isa = XCBuildConfiguration;
			buildSettings = {
				ALWAYS_SEARCH_USER_PATHS = NO;
				CLANG_ANALYZER_NONNULL = YES;
				CLANG_ANALYZER_NUMBER_OBJECT_CONVERSION = YES_AGGRESSIVE;
				CLANG_CXX_LANGUAGE_STANDARD = "gnu++14";
				CLANG_CXX_LIBRARY = "libc++";
				CLANG_ENABLE_MODULES = YES;
				CLANG_ENABLE_OBJC_ARC = YES;
				CLANG_WARN_BLOCK_CAPTURE_AUTORELEASING = YES;
				CLANG_WARN_BOOL_CONVERSION = YES;
				CLANG_WARN_COMMA = YES;
				CLANG_WARN_CONSTANT_CONVERSION = YES;
				CLANG_WARN_DIRECT_OBJC_ISA_USAGE = YES_ERROR;
				CLANG_WARN_DOCUMENTATION_COMMENTS = YES;
				CLANG_WARN_EMPTY_BODY = YES;
				CLANG_WARN_ENUM_CONVERSION = YES;
				CLANG_WARN_INFINITE_RECURSION = YES;
				CLANG_WARN_INT_CONVERSION = YES;
				CLANG_WARN_NON_LITERAL_NULL_CONVERSION = YES;
				CLANG_WARN_OBJC_LITERAL_CONVERSION = YES;
				CLANG_WARN_OBJC_ROOT_CLASS = YES_ERROR;
				CLANG_WARN_RANGE_LOOP_ANALYSIS = YES;
				CLANG_WARN_STRICT_PROTOTYPES = YES;
				CLANG_WARN_SUSPICIOUS_MOVE = YES;
				CLANG_WARN_UNGUARDED_AVAILABILITY = YES_AGGRESSIVE;
				CLANG_WARN_UNREACHABLE_CODE = YES;
				CLANG_WARN__DUPLICATE_METHOD_MATCH = YES;
				CODE_SIGN_IDENTITY = "iPhone Developer";
				COPY_PHASE_STRIP = NO;
				DEBUG_INFORMATION_FORMAT = "dwarf-with-dsym";
				ENABLE_NS_ASSERTIONS = NO;
				ENABLE_STRICT_OBJC_MSGSEND = YES;
				GCC_C_LANGUAGE_STANDARD = gnu11;
				GCC_NO_COMMON_BLOCKS = YES;
				GCC_WARN_64_TO_32_BIT_CONVERSION = YES;
				GCC_WARN_ABOUT_RETURN_TYPE = YES_ERROR;
				GCC_WARN_UNDECLARED_SELECTOR = YES;
				GCC_WARN_UNINITIALIZED_AUTOS = YES_AGGRESSIVE;
				GCC_WARN_UNUSED_FUNCTION = YES;
				GCC_WARN_UNUSED_VARIABLE = YES;
				IPHONEOS_DEPLOYMENT_TARGET = 11.1;
				MTL_ENABLE_DEBUG_INFO = NO;
				SDKROOT = iphoneos;
				SWIFT_OPTIMIZATION_LEVEL = "-Owholemodule";
				VALIDATE_PRODUCT = YES;
			};
			name = Release;
		};
		B717105D1FC6E93A006E187D /* Debug */ = {
			isa = XCBuildConfiguration;
			buildSettings = {
				ASSETCATALOG_COMPILER_APPICON_NAME = AppIcon;
				CODE_SIGN_STYLE = Automatic;
				DEVELOPMENT_TEAM = YTNY3D3G85;
				INFOPLIST_FILE = CoreDataDictionary/Info.plist;
				LD_RUNPATH_SEARCH_PATHS = "$(inherited) @executable_path/Frameworks";
				PRODUCT_BUNDLE_IDENTIFIER = com.kalvia.CoreDataDictionary;
				PRODUCT_NAME = "$(TARGET_NAME)";
				SWIFT_VERSION = 4.0;
				TARGETED_DEVICE_FAMILY = "1,2";
			};
			name = Debug;
		};
		B717105E1FC6E93A006E187D /* Release */ = {
			isa = XCBuildConfiguration;
			buildSettings = {
				ASSETCATALOG_COMPILER_APPICON_NAME = AppIcon;
				CODE_SIGN_STYLE = Automatic;
				DEVELOPMENT_TEAM = YTNY3D3G85;
				INFOPLIST_FILE = CoreDataDictionary/Info.plist;
				LD_RUNPATH_SEARCH_PATHS = "$(inherited) @executable_path/Frameworks";
				PRODUCT_BUNDLE_IDENTIFIER = com.kalvia.CoreDataDictionary;
				PRODUCT_NAME = "$(TARGET_NAME)";
				SWIFT_VERSION = 4.0;
				TARGETED_DEVICE_FAMILY = "1,2";
			};
			name = Release;
		};
/* End XCBuildConfiguration section */

/* Begin XCConfigurationList section */
		B71710421FC6E939006E187D /* Build configuration list for PBXProject "CoreDataDictionary" */ = {
			isa = XCConfigurationList;
			buildConfigurations = (
				B717105A1FC6E93A006E187D /* Debug */,
				B717105B1FC6E93A006E187D /* Release */,
			);
			defaultConfigurationIsVisible = 0;
			defaultConfigurationName = Release;
		};
		B717105C1FC6E93A006E187D /* Build configuration list for PBXNativeTarget "CoreDataDictionary" */ = {
			isa = XCConfigurationList;
			buildConfigurations = (
				B717105D1FC6E93A006E187D /* Debug */,
				B717105E1FC6E93A006E187D /* Release */,
			);
			defaultConfigurationIsVisible = 0;
			defaultConfigurationName = Release;
		};
/* End XCConfigurationList section */

/* Begin XCVersionGroup section */
		B71710511FC6E93A006E187D /* CoreDataDictionary.xcdatamodeld */ = {
			isa = XCVersionGroup;
			children = (
				B71710521FC6E93A006E187D /* CoreDataDictionary.xcdatamodel */,
			);
			currentVersion = B71710521FC6E93A006E187D /* CoreDataDictionary.xcdatamodel */;
			path = CoreDataDictionary.xcdatamodeld;
			sourceTree = "<group>";
			versionGroupType = wrapper.xcdatamodel;
		};
/* End XCVersionGroup section */
	};
	rootObject = B717103F1FC6E939006E187D /* Project object */;
}
